// !$*UTF8*$!
{
	archiveVersion = 1;
	classes = {
	};
	objectVersion = 55;
	objects = {

/* Begin PBXBuildFile section */
		C024860227E6B9E600E6F7EC /* ProgressRectangle.swift in Sources */ = {isa = PBXBuildFile; fileRef = C024860127E6B9E600E6F7EC /* ProgressRectangle.swift */; };
		C024860427E6C38D00E6F7EC /* ProgressRectangleViewModel.swift in Sources */ = {isa = PBXBuildFile; fileRef = C024860327E6C38D00E6F7EC /* ProgressRectangleViewModel.swift */; };
		C024860627E7B45700E6F7EC /* CollectableItemView.swift in Sources */ = {isa = PBXBuildFile; fileRef = C024860527E7B45700E6F7EC /* CollectableItemView.swift */; };
		C024860827E7B8DA00E6F7EC /* CollectibleItem.swift in Sources */ = {isa = PBXBuildFile; fileRef = C024860727E7B8DA00E6F7EC /* CollectibleItem.swift */; };
		C0B3EDE427DD71B500994158 /* StaticBoss.swift in Sources */ = {isa = PBXBuildFile; fileRef = C0B3EDE327DD71B500994158 /* StaticBoss.swift */; };
		C0B3EDE627DD97AA00994158 /* SavedGameDataRepository.swift in Sources */ = {isa = PBXBuildFile; fileRef = C0B3EDE527DD97AA00994158 /* SavedGameDataRepository.swift */; };
		C0B3EDE827DD97BB00994158 /* StaticGameData.swift in Sources */ = {isa = PBXBuildFile; fileRef = C0B3EDE727DD97BB00994158 /* StaticGameData.swift */; };
		C0B3EDEA27DD983200994158 /* LocationRepository.swift in Sources */ = {isa = PBXBuildFile; fileRef = C0B3EDE927DD983200994158 /* LocationRepository.swift */; };
		C0B3EDEE27DD986000994158 /* StaticLocation.swift in Sources */ = {isa = PBXBuildFile; fileRef = C0B3EDED27DD986000994158 /* StaticLocation.swift */; };
		C0B3EDF327DDA84E00994158 /* SavedGameData.swift in Sources */ = {isa = PBXBuildFile; fileRef = C0B3EDF227DDA84E00994158 /* SavedGameData.swift */; };
		C0B3EDF527DDA8C400994158 /* SavedLocation.swift in Sources */ = {isa = PBXBuildFile; fileRef = C0B3EDF427DDA8C400994158 /* SavedLocation.swift */; };
		C0B3EDF727DDAA9A00994158 /* Location.swift in Sources */ = {isa = PBXBuildFile; fileRef = C0B3EDF627DDAA9A00994158 /* Location.swift */; };
		C0B3EDF927DDAAA000994158 /* Boss.swift in Sources */ = {isa = PBXBuildFile; fileRef = C0B3EDF827DDAAA000994158 /* Boss.swift */; };
		C0B3EDFD27DDB57500994158 /* LocationsView.swift in Sources */ = {isa = PBXBuildFile; fileRef = C0B3EDFC27DDB57500994158 /* LocationsView.swift */; };
		C0B3EDFF27DDB57E00994158 /* BossesView.swift in Sources */ = {isa = PBXBuildFile; fileRef = C0B3EDFE27DDB57E00994158 /* BossesView.swift */; };
		C0B3EE0127DDB58C00994158 /* LocationRowView.swift in Sources */ = {isa = PBXBuildFile; fileRef = C0B3EE0027DDB58C00994158 /* LocationRowView.swift */; };
		C0B3EE0327DDB59800994158 /* BossRowView.swift in Sources */ = {isa = PBXBuildFile; fileRef = C0B3EE0227DDB59800994158 /* BossRowView.swift */; };
		C0B3EE0527DDBC3F00994158 /* Constants.swift in Sources */ = {isa = PBXBuildFile; fileRef = C0B3EE0427DDBC3F00994158 /* Constants.swift */; };
		C0B3EE0727E697A400994158 /* SpoilerRepository.swift in Sources */ = {isa = PBXBuildFile; fileRef = C0B3EE0627E697A400994158 /* SpoilerRepository.swift */; };
		C0B3EE0A27E698F200994158 /* Color+.swift in Sources */ = {isa = PBXBuildFile; fileRef = C0B3EE0927E698F200994158 /* Color+.swift */; };
		C0B3EE0C27E69C5200994158 /* Text+.swift in Sources */ = {isa = PBXBuildFile; fileRef = C0B3EE0B27E69C5200994158 /* Text+.swift */; };
		C0B3EE0E27E69F6600994158 /* View+.swift in Sources */ = {isa = PBXBuildFile; fileRef = C0B3EE0D27E69F6600994158 /* View+.swift */; };
		C0B3EE1027E69FC300994158 /* LocationView.swift in Sources */ = {isa = PBXBuildFile; fileRef = C0B3EE0F27E69FC300994158 /* LocationView.swift */; };
		C0B3EE1227E69FFE00994158 /* LocationViewStore.swift in Sources */ = {isa = PBXBuildFile; fileRef = C0B3EE1127E69FFE00994158 /* LocationViewStore.swift */; };
		C0B3EE1427E6A00900994158 /* LocationsViewStore.swift in Sources */ = {isa = PBXBuildFile; fileRef = C0B3EE1327E6A00900994158 /* LocationsViewStore.swift */; };
		C0B3EE1627E6A01800994158 /* BossesViewStore.swift in Sources */ = {isa = PBXBuildFile; fileRef = C0B3EE1527E6A01800994158 /* BossesViewStore.swift */; };
		C0B3EE2027E6AD2600994158 /* BossViewStore.swift in Sources */ = {isa = PBXBuildFile; fileRef = C0B3EE1F27E6AD2600994158 /* BossViewStore.swift */; };
		C0B8289827F0D142000D0314 /* BossView.swift in Sources */ = {isa = PBXBuildFile; fileRef = C0B8289727F0D142000D0314 /* BossView.swift */; };
		C0B8289A27F0DE38000D0314 /* ObservableObject+.swift in Sources */ = {isa = PBXBuildFile; fileRef = C0B8289927F0DE38000D0314 /* ObservableObject+.swift */; };
		C0B8289C27F0DEFE000D0314 /* VisibilityAwareObservables.swift in Sources */ = {isa = PBXBuildFile; fileRef = C0B8289B27F0DEFE000D0314 /* VisibilityAwareObservables.swift */; };
		C0C4AC8C281257AE002614C6 /* GameKit.framework in Frameworks */ = {isa = PBXBuildFile; fileRef = C0C4AC8B281257AE002614C6 /* GameKit.framework */; };
		C0DA80E0280A6EF200B77F1C /* BossLargeRowView.swift in Sources */ = {isa = PBXBuildFile; fileRef = C0DA80DF280A6EF200B77F1C /* BossLargeRowView.swift */; };
		C0DA80E7280A700A00B77F1C /* CustomImageView.swift in Sources */ = {isa = PBXBuildFile; fileRef = C0DA80E6280A700A00B77F1C /* CustomImageView.swift */; };
		C0DA80E9280A720900B77F1C /* TagView.swift in Sources */ = {isa = PBXBuildFile; fileRef = C0DA80E8280A720900B77F1C /* TagView.swift */; };
		C0DA80EC280A763B00B77F1C /* StatusCheckmarkView.swift in Sources */ = {isa = PBXBuildFile; fileRef = C0DA80EB280A763B00B77F1C /* StatusCheckmarkView.swift */; };
		C0DA80EE280A8CAE00B77F1C /* CustomSeparator.swift in Sources */ = {isa = PBXBuildFile; fileRef = C0DA80ED280A8CAE00B77F1C /* CustomSeparator.swift */; };
		C0DA80F0280A940B00B77F1C /* PercentageCheckmarkView.swift in Sources */ = {isa = PBXBuildFile; fileRef = C0DA80EF280A940B00B77F1C /* PercentageCheckmarkView.swift */; };
		C0DA80F3280D087D00B77F1C /* CachedAsyncImage in Frameworks */ = {isa = PBXBuildFile; productRef = C0DA80F2280D087D00B77F1C /* CachedAsyncImage */; };
		C0DA80F5280D098B00B77F1C /* FlexibleView.swift in Sources */ = {isa = PBXBuildFile; fileRef = C0DA80F4280D098B00B77F1C /* FlexibleView.swift */; };
		C0DA80F8280D0A5C00B77F1C /* Tag.swift in Sources */ = {isa = PBXBuildFile; fileRef = C0DA80F7280D0A5C00B77F1C /* Tag.swift */; };
		C0E6485927DD7171005B78C5 /* Elden_Ring_TrackerApp.swift in Sources */ = {isa = PBXBuildFile; fileRef = C0E6485827DD7171005B78C5 /* Elden_Ring_TrackerApp.swift */; };
		C0E6485B27DD7171005B78C5 /* ContentView.swift in Sources */ = {isa = PBXBuildFile; fileRef = C0E6485A27DD7171005B78C5 /* ContentView.swift */; };
		C0E6485D27DD7173005B78C5 /* Assets.xcassets in Resources */ = {isa = PBXBuildFile; fileRef = C0E6485C27DD7173005B78C5 /* Assets.xcassets */; };
		C0E6486027DD7173005B78C5 /* Preview Assets.xcassets in Resources */ = {isa = PBXBuildFile; fileRef = C0E6485F27DD7173005B78C5 /* Preview Assets.xcassets */; };
/* End PBXBuildFile section */

/* Begin PBXFileReference section */
		C024860127E6B9E600E6F7EC /* ProgressRectangle.swift */ = {isa = PBXFileReference; lastKnownFileType = sourcecode.swift; path = ProgressRectangle.swift; sourceTree = "<group>"; };
		C024860327E6C38D00E6F7EC /* ProgressRectangleViewModel.swift */ = {isa = PBXFileReference; lastKnownFileType = sourcecode.swift; path = ProgressRectangleViewModel.swift; sourceTree = "<group>"; };
		C024860527E7B45700E6F7EC /* CollectableItemView.swift */ = {isa = PBXFileReference; lastKnownFileType = sourcecode.swift; path = CollectableItemView.swift; sourceTree = "<group>"; };
		C024860727E7B8DA00E6F7EC /* CollectibleItem.swift */ = {isa = PBXFileReference; lastKnownFileType = sourcecode.swift; path = CollectibleItem.swift; sourceTree = "<group>"; };
		C0B3EDE327DD71B500994158 /* StaticBoss.swift */ = {isa = PBXFileReference; lastKnownFileType = sourcecode.swift; path = StaticBoss.swift; sourceTree = "<group>"; };
		C0B3EDE527DD97AA00994158 /* SavedGameDataRepository.swift */ = {isa = PBXFileReference; lastKnownFileType = sourcecode.swift; path = SavedGameDataRepository.swift; sourceTree = "<group>"; };
		C0B3EDE727DD97BB00994158 /* StaticGameData.swift */ = {isa = PBXFileReference; lastKnownFileType = sourcecode.swift; path = StaticGameData.swift; sourceTree = "<group>"; };
		C0B3EDE927DD983200994158 /* LocationRepository.swift */ = {isa = PBXFileReference; lastKnownFileType = sourcecode.swift; path = LocationRepository.swift; sourceTree = "<group>"; };
		C0B3EDED27DD986000994158 /* StaticLocation.swift */ = {isa = PBXFileReference; lastKnownFileType = sourcecode.swift; path = StaticLocation.swift; sourceTree = "<group>"; };
		C0B3EDF227DDA84E00994158 /* SavedGameData.swift */ = {isa = PBXFileReference; lastKnownFileType = sourcecode.swift; path = SavedGameData.swift; sourceTree = "<group>"; };
		C0B3EDF427DDA8C400994158 /* SavedLocation.swift */ = {isa = PBXFileReference; lastKnownFileType = sourcecode.swift; path = SavedLocation.swift; sourceTree = "<group>"; };
		C0B3EDF627DDAA9A00994158 /* Location.swift */ = {isa = PBXFileReference; lastKnownFileType = sourcecode.swift; path = Location.swift; sourceTree = "<group>"; };
		C0B3EDF827DDAAA000994158 /* Boss.swift */ = {isa = PBXFileReference; lastKnownFileType = sourcecode.swift; path = Boss.swift; sourceTree = "<group>"; };
		C0B3EDFC27DDB57500994158 /* LocationsView.swift */ = {isa = PBXFileReference; lastKnownFileType = sourcecode.swift; path = LocationsView.swift; sourceTree = "<group>"; };
		C0B3EDFE27DDB57E00994158 /* BossesView.swift */ = {isa = PBXFileReference; lastKnownFileType = sourcecode.swift; path = BossesView.swift; sourceTree = "<group>"; };
		C0B3EE0027DDB58C00994158 /* LocationRowView.swift */ = {isa = PBXFileReference; lastKnownFileType = sourcecode.swift; path = LocationRowView.swift; sourceTree = "<group>"; };
		C0B3EE0227DDB59800994158 /* BossRowView.swift */ = {isa = PBXFileReference; lastKnownFileType = sourcecode.swift; path = BossRowView.swift; sourceTree = "<group>"; };
		C0B3EE0427DDBC3F00994158 /* Constants.swift */ = {isa = PBXFileReference; lastKnownFileType = sourcecode.swift; path = Constants.swift; sourceTree = "<group>"; };
		C0B3EE0627E697A400994158 /* SpoilerRepository.swift */ = {isa = PBXFileReference; lastKnownFileType = sourcecode.swift; path = SpoilerRepository.swift; sourceTree = "<group>"; };
		C0B3EE0927E698F200994158 /* Color+.swift */ = {isa = PBXFileReference; lastKnownFileType = sourcecode.swift; path = "Color+.swift"; sourceTree = "<group>"; };
		C0B3EE0B27E69C5200994158 /* Text+.swift */ = {isa = PBXFileReference; lastKnownFileType = sourcecode.swift; path = "Text+.swift"; sourceTree = "<group>"; };
		C0B3EE0D27E69F6600994158 /* View+.swift */ = {isa = PBXFileReference; lastKnownFileType = sourcecode.swift; path = "View+.swift"; sourceTree = "<group>"; };
		C0B3EE0F27E69FC300994158 /* LocationView.swift */ = {isa = PBXFileReference; lastKnownFileType = sourcecode.swift; path = LocationView.swift; sourceTree = "<group>"; };
		C0B3EE1127E69FFE00994158 /* LocationViewStore.swift */ = {isa = PBXFileReference; lastKnownFileType = sourcecode.swift; path = LocationViewStore.swift; sourceTree = "<group>"; };
		C0B3EE1327E6A00900994158 /* LocationsViewStore.swift */ = {isa = PBXFileReference; lastKnownFileType = sourcecode.swift; path = LocationsViewStore.swift; sourceTree = "<group>"; };
		C0B3EE1527E6A01800994158 /* BossesViewStore.swift */ = {isa = PBXFileReference; lastKnownFileType = sourcecode.swift; path = BossesViewStore.swift; sourceTree = "<group>"; };
		C0B3EE1F27E6AD2600994158 /* BossViewStore.swift */ = {isa = PBXFileReference; lastKnownFileType = sourcecode.swift; path = BossViewStore.swift; sourceTree = "<group>"; };
		C0B8289727F0D142000D0314 /* BossView.swift */ = {isa = PBXFileReference; lastKnownFileType = sourcecode.swift; path = BossView.swift; sourceTree = "<group>"; };
		C0B8289927F0DE38000D0314 /* ObservableObject+.swift */ = {isa = PBXFileReference; lastKnownFileType = sourcecode.swift; path = "ObservableObject+.swift"; sourceTree = "<group>"; };
		C0B8289B27F0DEFE000D0314 /* VisibilityAwareObservables.swift */ = {isa = PBXFileReference; lastKnownFileType = sourcecode.swift; path = VisibilityAwareObservables.swift; sourceTree = "<group>"; };
		C0C4AC8B281257AE002614C6 /* GameKit.framework */ = {isa = PBXFileReference; lastKnownFileType = wrapper.framework; name = GameKit.framework; path = System/Library/Frameworks/GameKit.framework; sourceTree = SDKROOT; };
		C0DA80DF280A6EF200B77F1C /* BossLargeRowView.swift */ = {isa = PBXFileReference; fileEncoding = 4; lastKnownFileType = sourcecode.swift; path = BossLargeRowView.swift; sourceTree = "<group>"; };
		C0DA80E6280A700A00B77F1C /* CustomImageView.swift */ = {isa = PBXFileReference; lastKnownFileType = sourcecode.swift; path = CustomImageView.swift; sourceTree = "<group>"; };
		C0DA80E8280A720900B77F1C /* TagView.swift */ = {isa = PBXFileReference; lastKnownFileType = sourcecode.swift; path = TagView.swift; sourceTree = "<group>"; };
		C0DA80EB280A763B00B77F1C /* StatusCheckmarkView.swift */ = {isa = PBXFileReference; lastKnownFileType = sourcecode.swift; path = StatusCheckmarkView.swift; sourceTree = "<group>"; };
		C0DA80ED280A8CAE00B77F1C /* CustomSeparator.swift */ = {isa = PBXFileReference; lastKnownFileType = sourcecode.swift; path = CustomSeparator.swift; sourceTree = "<group>"; };
		C0DA80EF280A940B00B77F1C /* PercentageCheckmarkView.swift */ = {isa = PBXFileReference; lastKnownFileType = sourcecode.swift; path = PercentageCheckmarkView.swift; sourceTree = "<group>"; };
		C0DA80F4280D098B00B77F1C /* FlexibleView.swift */ = {isa = PBXFileReference; lastKnownFileType = sourcecode.swift; path = FlexibleView.swift; sourceTree = "<group>"; };
		C0DA80F7280D0A5C00B77F1C /* Tag.swift */ = {isa = PBXFileReference; lastKnownFileType = sourcecode.swift; path = Tag.swift; sourceTree = "<group>"; };
		C0E6485527DD7171005B78C5 /* Elden Ring Tracker.app */ = {isa = PBXFileReference; explicitFileType = wrapper.application; includeInIndex = 0; path = "Elden Ring Tracker.app"; sourceTree = BUILT_PRODUCTS_DIR; };
		C0E6485827DD7171005B78C5 /* Elden_Ring_TrackerApp.swift */ = {isa = PBXFileReference; lastKnownFileType = sourcecode.swift; path = Elden_Ring_TrackerApp.swift; sourceTree = "<group>"; };
		C0E6485A27DD7171005B78C5 /* ContentView.swift */ = {isa = PBXFileReference; lastKnownFileType = sourcecode.swift; path = ContentView.swift; sourceTree = "<group>"; };
		C0E6485C27DD7173005B78C5 /* Assets.xcassets */ = {isa = PBXFileReference; lastKnownFileType = folder.assetcatalog; path = Assets.xcassets; sourceTree = "<group>"; };
		C0E6485F27DD7173005B78C5 /* Preview Assets.xcassets */ = {isa = PBXFileReference; lastKnownFileType = folder.assetcatalog; path = "Preview Assets.xcassets"; sourceTree = "<group>"; };
/* End PBXFileReference section */

/* Begin PBXFrameworksBuildPhase section */
		C0E6485227DD7171005B78C5 /* Frameworks */ = {
			isa = PBXFrameworksBuildPhase;
			buildActionMask = 2147483647;
			files = (
				C0DA80F3280D087D00B77F1C /* CachedAsyncImage in Frameworks */,
				C0C4AC8C281257AE002614C6 /* GameKit.framework in Frameworks */,
			);
			runOnlyForDeploymentPostprocessing = 0;
		};
/* End PBXFrameworksBuildPhase section */

/* Begin PBXGroup section */
		C024860027E6B9D400E6F7EC /* Helper */ = {
			isa = PBXGroup;
			children = (
			);
			path = Helper;
			sourceTree = "<group>";
		};
		C0B3EDEC27DD984700994158 /* Repositories */ = {
			isa = PBXGroup;
			children = (
				C0B3EDE527DD97AA00994158 /* SavedGameDataRepository.swift */,
				C0B3EDE927DD983200994158 /* LocationRepository.swift */,
				C0B3EE0627E697A400994158 /* SpoilerRepository.swift */,
			);
			path = Repositories;
			sourceTree = "<group>";
		};
		C0B3EDEF27DD986700994158 /* Models */ = {
			isa = PBXGroup;
			children = (
				C0B3EDED27DD986000994158 /* StaticLocation.swift */,
				C0B3EDE327DD71B500994158 /* StaticBoss.swift */,
				C0B3EDE727DD97BB00994158 /* StaticGameData.swift */,
				C0B3EDF227DDA84E00994158 /* SavedGameData.swift */,
				C0B3EDF427DDA8C400994158 /* SavedLocation.swift */,
				C0B3EDF627DDAA9A00994158 /* Location.swift */,
				C0B3EDF827DDAAA000994158 /* Boss.swift */,
				C024860727E7B8DA00E6F7EC /* CollectibleItem.swift */,
				C0DA80F7280D0A5C00B77F1C /* Tag.swift */,
			);
			path = Models;
			sourceTree = "<group>";
		};
		C0B3EE0827E698E800994158 /* Extensions */ = {
			isa = PBXGroup;
			children = (
				C0B3EE0927E698F200994158 /* Color+.swift */,
				C0B3EE0B27E69C5200994158 /* Text+.swift */,
				C0B3EE0D27E69F6600994158 /* View+.swift */,
				C0B8289927F0DE38000D0314 /* ObservableObject+.swift */,
				C0B8289B27F0DEFE000D0314 /* VisibilityAwareObservables.swift */,
			);
			path = Extensions;
			sourceTree = "<group>";
		};
		C0B3EE1727E6A01C00994158 /* BossesView */ = {
			isa = PBXGroup;
			children = (
				C0B3EE1527E6A01800994158 /* BossesViewStore.swift */,
				C0B3EDFE27DDB57E00994158 /* BossesView.swift */,
			);
			path = BossesView;
			sourceTree = "<group>";
		};
		C0B3EE1827E6A02800994158 /* Rows */ = {
			isa = PBXGroup;
			children = (
				C0DA80DF280A6EF200B77F1C /* BossLargeRowView.swift */,
				C0B3EE0027DDB58C00994158 /* LocationRowView.swift */,
				C0B3EE0227DDB59800994158 /* BossRowView.swift */,
			);
			path = Rows;
			sourceTree = "<group>";
		};
		C0B3EE1927E6A02E00994158 /* Views */ = {
			isa = PBXGroup;
			children = (
				C0DA80E1280A6F1F00B77F1C /* Atoms */,
				C024860027E6B9D400E6F7EC /* Helper */,
				C0B3EE1C27E6AD0C00994158 /* BossView */,
				C0B3EE1B27E6A04700994158 /* LocationView */,
				C0B3EE1A27E6A04200994158 /* LocationsView */,
				C0B3EE1827E6A02800994158 /* Rows */,
				C0B3EE1727E6A01C00994158 /* BossesView */,
			);
			path = Views;
			sourceTree = "<group>";
		};
		C0B3EE1A27E6A04200994158 /* LocationsView */ = {
			isa = PBXGroup;
			children = (
				C0B3EE1327E6A00900994158 /* LocationsViewStore.swift */,
				C0B3EDFC27DDB57500994158 /* LocationsView.swift */,
			);
			path = LocationsView;
			sourceTree = "<group>";
		};
		C0B3EE1B27E6A04700994158 /* LocationView */ = {
			isa = PBXGroup;
			children = (
				C0B3EE1127E69FFE00994158 /* LocationViewStore.swift */,
				C0B3EE0F27E69FC300994158 /* LocationView.swift */,
			);
			path = LocationView;
			sourceTree = "<group>";
		};
		C0B3EE1C27E6AD0C00994158 /* BossView */ = {
			isa = PBXGroup;
			children = (
				C0B3EE1F27E6AD2600994158 /* BossViewStore.swift */,
				C0B8289727F0D142000D0314 /* BossView.swift */,
			);
			path = BossView;
			sourceTree = "<group>";
		};
		C0C4AC8A281257AE002614C6 /* Frameworks */ = {
			isa = PBXGroup;
			children = (
				C0C4AC8B281257AE002614C6 /* GameKit.framework */,
			);
			name = Frameworks;
			sourceTree = "<group>";
		};
		C0DA80E1280A6F1F00B77F1C /* Atoms */ = {
			isa = PBXGroup;
			children = (
				C0DA80ED280A8CAE00B77F1C /* CustomSeparator.swift */,
				C024860527E7B45700E6F7EC /* CollectableItemView.swift */,
				C0DA80EA280A762B00B77F1C /* StatusCheckmarkView */,
				C0DA80E5280A6FF800B77F1C /* SmokedImageView */,
				C0DA80E4280A6F4700B77F1C /* TagView */,
				C0DA80E3280A6F2F00B77F1C /* ProgressRectangleView */,
				C0DA80EF280A940B00B77F1C /* PercentageCheckmarkView.swift */,
				C0DA80F4280D098B00B77F1C /* FlexibleView.swift */,
			);
			path = Atoms;
			sourceTree = "<group>";
		};
		C0DA80E3280A6F2F00B77F1C /* ProgressRectangleView */ = {
			isa = PBXGroup;
			children = (
				C024860127E6B9E600E6F7EC /* ProgressRectangle.swift */,
				C024860327E6C38D00E6F7EC /* ProgressRectangleViewModel.swift */,
			);
			path = ProgressRectangleView;
			sourceTree = "<group>";
		};
		C0DA80E4280A6F4700B77F1C /* TagView */ = {
			isa = PBXGroup;
			children = (
				C0DA80E8280A720900B77F1C /* TagView.swift */,
			);
			path = TagView;
			sourceTree = "<group>";
		};
		C0DA80E5280A6FF800B77F1C /* SmokedImageView */ = {
			isa = PBXGroup;
			children = (
				C0DA80E6280A700A00B77F1C /* CustomImageView.swift */,
			);
			path = SmokedImageView;
			sourceTree = "<group>";
		};
		C0DA80EA280A762B00B77F1C /* StatusCheckmarkView */ = {
			isa = PBXGroup;
			children = (
				C0DA80EB280A763B00B77F1C /* StatusCheckmarkView.swift */,
			);
			path = StatusCheckmarkView;
			sourceTree = "<group>";
		};
		C0E6484C27DD7171005B78C5 = {
			isa = PBXGroup;
			children = (
				C0E6485727DD7171005B78C5 /* Elden Ring Tracker */,
				C0E6485627DD7171005B78C5 /* Products */,
				C0C4AC8A281257AE002614C6 /* Frameworks */,
			);
			sourceTree = "<group>";
		};
		C0E6485627DD7171005B78C5 /* Products */ = {
			isa = PBXGroup;
			children = (
				C0E6485527DD7171005B78C5 /* Elden Ring Tracker.app */,
			);
			name = Products;
			sourceTree = "<group>";
		};
		C0E6485727DD7171005B78C5 /* Elden Ring Tracker */ = {
			isa = PBXGroup;
			children = (
				C0B3EE0827E698E800994158 /* Extensions */,
				C0E6485827DD7171005B78C5 /* Elden_Ring_TrackerApp.swift */,
				C0E6485A27DD7171005B78C5 /* ContentView.swift */,
				C0E6485C27DD7173005B78C5 /* Assets.xcassets */,
				C0E6485E27DD7173005B78C5 /* Preview Content */,
				C0B3EDEF27DD986700994158 /* Models */,
				C0B3EE1927E6A02E00994158 /* Views */,
				C0B3EDEC27DD984700994158 /* Repositories */,
				C0B3EE0427DDBC3F00994158 /* Constants.swift */,
			);
			path = "Elden Ring Tracker";
			sourceTree = "<group>";
		};
		C0E6485E27DD7173005B78C5 /* Preview Content */ = {
			isa = PBXGroup;
			children = (
				C0E6485F27DD7173005B78C5 /* Preview Assets.xcassets */,
			);
			path = "Preview Content";
			sourceTree = "<group>";
		};
/* End PBXGroup section */

/* Begin PBXNativeTarget section */
		C0E6485427DD7171005B78C5 /* Elden Ring Tracker */ = {
			isa = PBXNativeTarget;
			buildConfigurationList = C0E6486327DD7173005B78C5 /* Build configuration list for PBXNativeTarget "Elden Ring Tracker" */;
			buildPhases = (
				C0E6485127DD7171005B78C5 /* Sources */,
				C0E6485227DD7171005B78C5 /* Frameworks */,
				C0E6485327DD7171005B78C5 /* Resources */,
			);
			buildRules = (
			);
			dependencies = (
			);
			name = "Elden Ring Tracker";
			packageProductDependencies = (
				C0DA80F2280D087D00B77F1C /* CachedAsyncImage */,
			);
			productName = "Elden Ring Tracker";
			productReference = C0E6485527DD7171005B78C5 /* Elden Ring Tracker.app */;
			productType = "com.apple.product-type.application";
		};
/* End PBXNativeTarget section */

/* Begin PBXProject section */
		C0E6484D27DD7171005B78C5 /* Project object */ = {
			isa = PBXProject;
			attributes = {
				BuildIndependentTargetsInParallel = 1;
				LastSwiftUpdateCheck = 1320;
				LastUpgradeCheck = 1320;
				TargetAttributes = {
					C0E6485427DD7171005B78C5 = {
						CreatedOnToolsVersion = 13.2.1;
					};
				};
			};
			buildConfigurationList = C0E6485027DD7171005B78C5 /* Build configuration list for PBXProject "Elden Ring Tracker" */;
			compatibilityVersion = "Xcode 13.0";
			developmentRegion = en;
			hasScannedForEncodings = 0;
			knownRegions = (
				en,
				Base,
			);
			mainGroup = C0E6484C27DD7171005B78C5;
			packageReferences = (
				C0DA80F1280D087D00B77F1C /* XCRemoteSwiftPackageReference "swiftui-cached-async-image" */,
			);
			productRefGroup = C0E6485627DD7171005B78C5 /* Products */;
			projectDirPath = "";
			projectRoot = "";
			targets = (
				C0E6485427DD7171005B78C5 /* Elden Ring Tracker */,
			);
		};
/* End PBXProject section */

/* Begin PBXResourcesBuildPhase section */
		C0E6485327DD7171005B78C5 /* Resources */ = {
			isa = PBXResourcesBuildPhase;
			buildActionMask = 2147483647;
			files = (
				C0E6486027DD7173005B78C5 /* Preview Assets.xcassets in Resources */,
				C0E6485D27DD7173005B78C5 /* Assets.xcassets in Resources */,
			);
			runOnlyForDeploymentPostprocessing = 0;
		};
/* End PBXResourcesBuildPhase section */

/* Begin PBXSourcesBuildPhase section */
		C0E6485127DD7171005B78C5 /* Sources */ = {
			isa = PBXSourcesBuildPhase;
			buildActionMask = 2147483647;
			files = (
				C0DA80EC280A763B00B77F1C /* StatusCheckmarkView.swift in Sources */,
				C0B3EDFF27DDB57E00994158 /* BossesView.swift in Sources */,
				C0DA80EE280A8CAE00B77F1C /* CustomSeparator.swift in Sources */,
				C0B3EE0C27E69C5200994158 /* Text+.swift in Sources */,
				C0B3EE0A27E698F200994158 /* Color+.swift in Sources */,
				C0B3EDE627DD97AA00994158 /* SavedGameDataRepository.swift in Sources */,
				C024860627E7B45700E6F7EC /* CollectableItemView.swift in Sources */,
				C024860227E6B9E600E6F7EC /* ProgressRectangle.swift in Sources */,
				C0B3EE1027E69FC300994158 /* LocationView.swift in Sources */,
				C0B3EDE827DD97BB00994158 /* StaticGameData.swift in Sources */,
				C0B3EDF727DDAA9A00994158 /* Location.swift in Sources */,
				C0B3EDEE27DD986000994158 /* StaticLocation.swift in Sources */,
				C024860827E7B8DA00E6F7EC /* CollectibleItem.swift in Sources */,
				C0DA80E9280A720900B77F1C /* TagView.swift in Sources */,
				C0B3EDEA27DD983200994158 /* LocationRepository.swift in Sources */,
				C024860427E6C38D00E6F7EC /* ProgressRectangleViewModel.swift in Sources */,
				C0DA80F5280D098B00B77F1C /* FlexibleView.swift in Sources */,
				C0B8289827F0D142000D0314 /* BossView.swift in Sources */,
				C0B3EE1427E6A00900994158 /* LocationsViewStore.swift in Sources */,
				C0B3EE0E27E69F6600994158 /* View+.swift in Sources */,
				C0B3EDF927DDAAA000994158 /* Boss.swift in Sources */,
				C0B3EE0527DDBC3F00994158 /* Constants.swift in Sources */,
				C0B3EDE427DD71B500994158 /* StaticBoss.swift in Sources */,
				C0DA80F0280A940B00B77F1C /* PercentageCheckmarkView.swift in Sources */,
				C0DA80E0280A6EF200B77F1C /* BossLargeRowView.swift in Sources */,
				C0B3EE0127DDB58C00994158 /* LocationRowView.swift in Sources */,
				C0B3EE1627E6A01800994158 /* BossesViewStore.swift in Sources */,
				C0E6485B27DD7171005B78C5 /* ContentView.swift in Sources */,
				C0B8289C27F0DEFE000D0314 /* VisibilityAwareObservables.swift in Sources */,
				C0B3EDF527DDA8C400994158 /* SavedLocation.swift in Sources */,
				C0B3EDFD27DDB57500994158 /* LocationsView.swift in Sources */,
				C0B3EE1227E69FFE00994158 /* LocationViewStore.swift in Sources */,
				C0DA80F8280D0A5C00B77F1C /* Tag.swift in Sources */,
				C0B3EE0327DDB59800994158 /* BossRowView.swift in Sources */,
				C0B3EE0727E697A400994158 /* SpoilerRepository.swift in Sources */,
				C0B3EE2027E6AD2600994158 /* BossViewStore.swift in Sources */,
				C0B8289A27F0DE38000D0314 /* ObservableObject+.swift in Sources */,
				C0DA80E7280A700A00B77F1C /* CustomImageView.swift in Sources */,
				C0B3EDF327DDA84E00994158 /* SavedGameData.swift in Sources */,
				C0E6485927DD7171005B78C5 /* Elden_Ring_TrackerApp.swift in Sources */,
			);
			runOnlyForDeploymentPostprocessing = 0;
		};
/* End PBXSourcesBuildPhase section */

/* Begin XCBuildConfiguration section */
		C0E6486127DD7173005B78C5 /* Debug */ = {
			isa = XCBuildConfiguration;
			buildSettings = {
				ALWAYS_SEARCH_USER_PATHS = NO;
				CLANG_ANALYZER_NONNULL = YES;
				CLANG_ANALYZER_NUMBER_OBJECT_CONVERSION = YES_AGGRESSIVE;
				CLANG_CXX_LANGUAGE_STANDARD = "gnu++17";
				CLANG_CXX_LIBRARY = "libc++";
				CLANG_ENABLE_MODULES = YES;
				CLANG_ENABLE_OBJC_ARC = YES;
				CLANG_ENABLE_OBJC_WEAK = YES;
				CLANG_WARN_BLOCK_CAPTURE_AUTORELEASING = YES;
				CLANG_WARN_BOOL_CONVERSION = YES;
				CLANG_WARN_COMMA = YES;
				CLANG_WARN_CONSTANT_CONVERSION = YES;
				CLANG_WARN_DEPRECATED_OBJC_IMPLEMENTATIONS = YES;
				CLANG_WARN_DIRECT_OBJC_ISA_USAGE = YES_ERROR;
				CLANG_WARN_DOCUMENTATION_COMMENTS = YES;
				CLANG_WARN_EMPTY_BODY = YES;
				CLANG_WARN_ENUM_CONVERSION = YES;
				CLANG_WARN_INFINITE_RECURSION = YES;
				CLANG_WARN_INT_CONVERSION = YES;
				CLANG_WARN_NON_LITERAL_NULL_CONVERSION = YES;
				CLANG_WARN_OBJC_IMPLICIT_RETAIN_SELF = YES;
				CLANG_WARN_OBJC_LITERAL_CONVERSION = YES;
				CLANG_WARN_OBJC_ROOT_CLASS = YES_ERROR;
				CLANG_WARN_QUOTED_INCLUDE_IN_FRAMEWORK_HEADER = YES;
				CLANG_WARN_RANGE_LOOP_ANALYSIS = YES;
				CLANG_WARN_STRICT_PROTOTYPES = YES;
				CLANG_WARN_SUSPICIOUS_MOVE = YES;
				CLANG_WARN_UNGUARDED_AVAILABILITY = YES_AGGRESSIVE;
				CLANG_WARN_UNREACHABLE_CODE = YES;
				CLANG_WARN__DUPLICATE_METHOD_MATCH = YES;
				COPY_PHASE_STRIP = NO;
				DEBUG_INFORMATION_FORMAT = dwarf;
				ENABLE_STRICT_OBJC_MSGSEND = YES;
				ENABLE_TESTABILITY = YES;
				GCC_C_LANGUAGE_STANDARD = gnu11;
				GCC_DYNAMIC_NO_PIC = NO;
				GCC_NO_COMMON_BLOCKS = YES;
				GCC_OPTIMIZATION_LEVEL = 0;
				GCC_PREPROCESSOR_DEFINITIONS = (
					"DEBUG=1",
					"$(inherited)",
				);
				GCC_WARN_64_TO_32_BIT_CONVERSION = YES;
				GCC_WARN_ABOUT_RETURN_TYPE = YES_ERROR;
				GCC_WARN_UNDECLARED_SELECTOR = YES;
				GCC_WARN_UNINITIALIZED_AUTOS = YES_AGGRESSIVE;
				GCC_WARN_UNUSED_FUNCTION = YES;
				GCC_WARN_UNUSED_VARIABLE = YES;
				IPHONEOS_DEPLOYMENT_TARGET = 15.2;
				MTL_ENABLE_DEBUG_INFO = INCLUDE_SOURCE;
				MTL_FAST_MATH = YES;
				ONLY_ACTIVE_ARCH = YES;
				SDKROOT = iphoneos;
				SWIFT_ACTIVE_COMPILATION_CONDITIONS = DEBUG;
				SWIFT_OPTIMIZATION_LEVEL = "-Onone";
			};
			name = Debug;
		};
		C0E6486227DD7173005B78C5 /* Release */ = {
			isa = XCBuildConfiguration;
			buildSettings = {
				ALWAYS_SEARCH_USER_PATHS = NO;
				CLANG_ANALYZER_NONNULL = YES;
				CLANG_ANALYZER_NUMBER_OBJECT_CONVERSION = YES_AGGRESSIVE;
				CLANG_CXX_LANGUAGE_STANDARD = "gnu++17";
				CLANG_CXX_LIBRARY = "libc++";
				CLANG_ENABLE_MODULES = YES;
				CLANG_ENABLE_OBJC_ARC = YES;
				CLANG_ENABLE_OBJC_WEAK = YES;
				CLANG_WARN_BLOCK_CAPTURE_AUTORELEASING = YES;
				CLANG_WARN_BOOL_CONVERSION = YES;
				CLANG_WARN_COMMA = YES;
				CLANG_WARN_CONSTANT_CONVERSION = YES;
				CLANG_WARN_DEPRECATED_OBJC_IMPLEMENTATIONS = YES;
				CLANG_WARN_DIRECT_OBJC_ISA_USAGE = YES_ERROR;
				CLANG_WARN_DOCUMENTATION_COMMENTS = YES;
				CLANG_WARN_EMPTY_BODY = YES;
				CLANG_WARN_ENUM_CONVERSION = YES;
				CLANG_WARN_INFINITE_RECURSION = YES;
				CLANG_WARN_INT_CONVERSION = YES;
				CLANG_WARN_NON_LITERAL_NULL_CONVERSION = YES;
				CLANG_WARN_OBJC_IMPLICIT_RETAIN_SELF = YES;
				CLANG_WARN_OBJC_LITERAL_CONVERSION = YES;
				CLANG_WARN_OBJC_ROOT_CLASS = YES_ERROR;
				CLANG_WARN_QUOTED_INCLUDE_IN_FRAMEWORK_HEADER = YES;
				CLANG_WARN_RANGE_LOOP_ANALYSIS = YES;
				CLANG_WARN_STRICT_PROTOTYPES = YES;
				CLANG_WARN_SUSPICIOUS_MOVE = YES;
				CLANG_WARN_UNGUARDED_AVAILABILITY = YES_AGGRESSIVE;
				CLANG_WARN_UNREACHABLE_CODE = YES;
				CLANG_WARN__DUPLICATE_METHOD_MATCH = YES;
				COPY_PHASE_STRIP = NO;
				DEBUG_INFORMATION_FORMAT = "dwarf-with-dsym";
				ENABLE_NS_ASSERTIONS = NO;
				ENABLE_STRICT_OBJC_MSGSEND = YES;
				GCC_C_LANGUAGE_STANDARD = gnu11;
				GCC_NO_COMMON_BLOCKS = YES;
				GCC_WARN_64_TO_32_BIT_CONVERSION = YES;
				GCC_WARN_ABOUT_RETURN_TYPE = YES_ERROR;
				GCC_WARN_UNDECLARED_SELECTOR = YES;
				GCC_WARN_UNINITIALIZED_AUTOS = YES_AGGRESSIVE;
				GCC_WARN_UNUSED_FUNCTION = YES;
				GCC_WARN_UNUSED_VARIABLE = YES;
				IPHONEOS_DEPLOYMENT_TARGET = 15.2;
				MTL_ENABLE_DEBUG_INFO = NO;
				MTL_FAST_MATH = YES;
				SDKROOT = iphoneos;
				SWIFT_COMPILATION_MODE = wholemodule;
				SWIFT_OPTIMIZATION_LEVEL = "-O";
				VALIDATE_PRODUCT = YES;
			};
			name = Release;
		};
		C0E6486427DD7173005B78C5 /* Debug */ = {
			isa = XCBuildConfiguration;
			buildSettings = {
				ASSETCATALOG_COMPILER_APPICON_NAME = AppIcon;
				ASSETCATALOG_COMPILER_GLOBAL_ACCENT_COLOR_NAME = AccentColor;
				CODE_SIGN_STYLE = Automatic;
				CURRENT_PROJECT_VERSION = 5;
				DEVELOPMENT_ASSET_PATHS = "\"Elden Ring Tracker/Preview Content\"";
				DEVELOPMENT_TEAM = D9FBK2WPJX;
				ENABLE_PREVIEWS = YES;
				GENERATE_INFOPLIST_FILE = YES;
				INFOPLIST_KEY_UIApplicationSceneManifest_Generation = YES;
				INFOPLIST_KEY_UIApplicationSupportsIndirectInputEvents = YES;
				INFOPLIST_KEY_UILaunchScreen_Generation = YES;
				INFOPLIST_KEY_UIRequiredDeviceCapabilities = gamekit;
				INFOPLIST_KEY_UISupportedInterfaceOrientations_iPad = "UIInterfaceOrientationPortrait UIInterfaceOrientationPortraitUpsideDown UIInterfaceOrientationLandscapeLeft UIInterfaceOrientationLandscapeRight";
				INFOPLIST_KEY_UISupportedInterfaceOrientations_iPhone = "UIInterfaceOrientationPortrait UIInterfaceOrientationLandscapeLeft UIInterfaceOrientationLandscapeRight";
				LD_RUNPATH_SEARCH_PATHS = (
					"$(inherited)",
					"@executable_path/Frameworks",
				);
				MARKETING_VERSION = 1.0;
				PRODUCT_BUNDLE_IDENTIFIER = "enzomaruffa.toys.Elden-Ring-Tracker";
				PRODUCT_NAME = "$(TARGET_NAME)";
				SWIFT_EMIT_LOC_STRINGS = YES;
				SWIFT_VERSION = 5.0;
				TARGETED_DEVICE_FAMILY = "1,2";
			};
			name = Debug;
		};
		C0E6486527DD7173005B78C5 /* Release */ = {
			isa = XCBuildConfiguration;
			buildSettings = {
				ASSETCATALOG_COMPILER_APPICON_NAME = AppIcon;
				ASSETCATALOG_COMPILER_GLOBAL_ACCENT_COLOR_NAME = AccentColor;
				CODE_SIGN_STYLE = Automatic;
				CURRENT_PROJECT_VERSION = 5;
				DEVELOPMENT_ASSET_PATHS = "\"Elden Ring Tracker/Preview Content\"";
				DEVELOPMENT_TEAM = D9FBK2WPJX;
				ENABLE_PREVIEWS = YES;
				GENERATE_INFOPLIST_FILE = YES;
				INFOPLIST_KEY_UIApplicationSceneManifest_Generation = YES;
				INFOPLIST_KEY_UIApplicationSupportsIndirectInputEvents = YES;
				INFOPLIST_KEY_UILaunchScreen_Generation = YES;
				INFOPLIST_KEY_UIRequiredDeviceCapabilities = gamekit;
				INFOPLIST_KEY_UISupportedInterfaceOrientations_iPad = "UIInterfaceOrientationPortrait UIInterfaceOrientationPortraitUpsideDown UIInterfaceOrientationLandscapeLeft UIInterfaceOrientationLandscapeRight";
				INFOPLIST_KEY_UISupportedInterfaceOrientations_iPhone = "UIInterfaceOrientationPortrait UIInterfaceOrientationLandscapeLeft UIInterfaceOrientationLandscapeRight";
				LD_RUNPATH_SEARCH_PATHS = (
					"$(inherited)",
					"@executable_path/Frameworks",
				);
				MARKETING_VERSION = 1.0;
				PRODUCT_BUNDLE_IDENTIFIER = "enzomaruffa.toys.Elden-Ring-Tracker";
				PRODUCT_NAME = "$(TARGET_NAME)";
				SWIFT_EMIT_LOC_STRINGS = YES;
				SWIFT_VERSION = 5.0;
				TARGETED_DEVICE_FAMILY = "1,2";
			};
			name = Release;
		};
/* End XCBuildConfiguration section */

/* Begin XCConfigurationList section */
		C0E6485027DD7171005B78C5 /* Build configuration list for PBXProject "Elden Ring Tracker" */ = {
			isa = XCConfigurationList;
			buildConfigurations = (
				C0E6486127DD7173005B78C5 /* Debug */,
				C0E6486227DD7173005B78C5 /* Release */,
			);
			defaultConfigurationIsVisible = 0;
			defaultConfigurationName = Release;
		};
		C0E6486327DD7173005B78C5 /* Build configuration list for PBXNativeTarget "Elden Ring Tracker" */ = {
			isa = XCConfigurationList;
			buildConfigurations = (
				C0E6486427DD7173005B78C5 /* Debug */,
				C0E6486527DD7173005B78C5 /* Release */,
			);
			defaultConfigurationIsVisible = 0;
			defaultConfigurationName = Release;
		};
/* End XCConfigurationList section */

/* Begin XCRemoteSwiftPackageReference section */
		C0DA80F1280D087D00B77F1C /* XCRemoteSwiftPackageReference "swiftui-cached-async-image" */ = {
			isa = XCRemoteSwiftPackageReference;
			repositoryURL = "https://github.com/lorenzofiamingo/swiftui-cached-async-image";
			requirement = {
				kind = upToNextMajorVersion;
				minimumVersion = 2.0.0;
			};
		};
/* End XCRemoteSwiftPackageReference section */

/* Begin XCSwiftPackageProductDependency section */
		C0DA80F2280D087D00B77F1C /* CachedAsyncImage */ = {
			isa = XCSwiftPackageProductDependency;
			package = C0DA80F1280D087D00B77F1C /* XCRemoteSwiftPackageReference "swiftui-cached-async-image" */;
			productName = CachedAsyncImage;
		};
/* End XCSwiftPackageProductDependency section */
	};
	rootObject = C0E6484D27DD7171005B78C5 /* Project object */;
}
